
Microsoft Visual Studio Solution File, Format Version 12.00
# Visual Studio Version 17
VisualStudioVersion = 17.0.32112.339
MinimumVisualStudioVersion = 10.0.40219.1
Project("{9A19103F-16F7-4668-BE54-9A1E7A4F7556}") = "JoanComas.ScenarioUnitTesting", "JoanComas.ScenarioUnitTesting\JoanComas.ScenarioUnitTesting.csproj", "{3748B762-B653-4F7F-85FC-CEBF7DB31255}"
EndProject
Project("{9A19103F-16F7-4668-BE54-9A1E7A4F7556}") = "ExampleApplicationWithxUnit.Tests", "ExampleApplicationWithxUnit.Tests\ExampleApplicationWithxUnit.Tests.csproj", "{D647E358-9906-4AD1-8CEF-24480918FABB}"
EndProject
Project("{9A19103F-16F7-4668-BE54-9A1E7A4F7556}") = "ExampleApplicationWithxUnit", "ExampleApplicationWithxUnit\ExampleApplicationWithxUnit.csproj", "{F6D201FD-F595-483E-9E0D-0CE6694D41EE}"
EndProject
Project("{9A19103F-16F7-4668-BE54-9A1E7A4F7556}") = "JoanComas.ScenarioUnitTesting.SourceGenerator", "JoanComas.ScenarioUnitTesting.SourceGenerator\JoanComas.ScenarioUnitTesting.SourceGenerator.csproj", "{79745C92-5F99-4277-87F6-23689163E01A}"
EndProject
Project("{FAE04EC0-301F-11D3-BF4B-00C04F79EFBC}") = "ExampleApplicationWithConsole", "ExampleApplicationWithConsole\ExampleApplicationWithConsole.csproj", "{C9C63E1F-3880-4361-AD66-3511A7D606BC}"
EndProject
Project("{FAE04EC0-301F-11D3-BF4B-00C04F79EFBC}") = "ExampleApplicationWithConsole.Tests", "ExampleApplicationWithConsole.Tests\ExampleApplicationWithConsole.Tests.csproj", "{B504A2BB-9B31-4685-BAEA-50A15FA3604B}"
EndProject
Global
	GlobalSection(SolutionConfigurationPlatforms) = preSolution
		Debug|Any CPU = Debug|Any CPU
		Release|Any CPU = Release|Any CPU
	EndGlobalSection
	GlobalSection(ProjectConfigurationPlatforms) = postSolution
		{3748B762-B653-4F7F-85FC-CEBF7DB31255}.Debug|Any CPU.ActiveCfg = Debug|Any CPU
		{3748B762-B653-4F7F-85FC-CEBF7DB31255}.Debug|Any CPU.Build.0 = Debug|Any CPU
		{3748B762-B653-4F7F-85FC-CEBF7DB31255}.Release|Any CPU.ActiveCfg = Release|Any CPU
		{3748B762-B653-4F7F-85FC-CEBF7DB31255}.Release|Any CPU.Build.0 = Release|Any CPU
		{D647E358-9906-4AD1-8CEF-24480918FABB}.Debug|Any CPU.ActiveCfg = Debug|Any CPU
		{D647E358-9906-4AD1-8CEF-24480918FABB}.Debug|Any CPU.Build.0 = Debug|Any CPU
		{D647E358-9906-4AD1-8CEF-24480918FABB}.Release|Any CPU.ActiveCfg = Release|Any CPU
		{D647E358-9906-4AD1-8CEF-24480918FABB}.Release|Any CPU.Build.0 = Release|Any CPU
		{F6D201FD-F595-483E-9E0D-0CE6694D41EE}.Debug|Any CPU.ActiveCfg = Debug|Any CPU
		{F6D201FD-F595-483E-9E0D-0CE6694D41EE}.Debug|Any CPU.Build.0 = Debug|Any CPU
		{F6D201FD-F595-483E-9E0D-0CE6694D41EE}.Release|Any CPU.ActiveCfg = Release|Any CPU
		{F6D201FD-F595-483E-9E0D-0CE6694D41EE}.Release|Any CPU.Build.0 = Release|Any CPU
		{79745C92-5F99-4277-87F6-23689163E01A}.Debug|Any CPU.ActiveCfg = Debug|Any CPU
		{79745C92-5F99-4277-87F6-23689163E01A}.Debug|Any CPU.Build.0 = Debug|Any CPU
		{79745C92-5F99-4277-87F6-23689163E01A}.Release|Any CPU.ActiveCfg = Release|Any CPU
		{79745C92-5F99-4277-87F6-23689163E01A}.Release|Any CPU.Build.0 = Release|Any CPU
		{C9C63E1F-3880-4361-AD66-3511A7D606BC}.Debug|Any CPU.ActiveCfg = Debug|Any CPU
		{C9C63E1F-3880-4361-AD66-3511A7D606BC}.Debug|Any CPU.Build.0 = Debug|Any CPU
		{C9C63E1F-3880-4361-AD66-3511A7D606BC}.Release|Any CPU.ActiveCfg = Release|Any CPU
		{C9C63E1F-3880-4361-AD66-3511A7D606BC}.Release|Any CPU.Build.0 = Release|Any CPU
		{B504A2BB-9B31-4685-BAEA-50A15FA3604B}.Debug|Any CPU.ActiveCfg = Debug|Any CPU
		{B504A2BB-9B31-4685-BAEA-50A15FA3604B}.Debug|Any CPU.Build.0 = Debug|Any CPU
		{B504A2BB-9B31-4685-BAEA-50A15FA3604B}.Release|Any CPU.ActiveCfg = Release|Any CPU
		{B504A2BB-9B31-4685-BAEA-50A15FA3604B}.Release|Any CPU.Build.0 = Release|Any CPU
	EndGlobalSection
	GlobalSection(SolutionProperties) = preSolution
		HideSolutionNode = FALSE
	EndGlobalSection
	GlobalSection(ExtensibilityGlobals) = postSolution
		SolutionGuid = {E55032EA-775B-4388-B67A-DECC8F91FFD1}
	EndGlobalSection
EndGlobal
